// !$*UTF8*$!
{
	archiveVersion = 1;
	classes = {
	};
	objectVersion = 46;
	objects = {

/* Begin PBXBuildFile section */
		8B25BD031A9A821C008A82B1 /* AppDelegate.swift in Sources */ = {isa = PBXBuildFile; fileRef = 8B25BD021A9A821C008A82B1 /* AppDelegate.swift */; };
		8B25BD081A9A821C008A82B1 /* Main.storyboard in Resources */ = {isa = PBXBuildFile; fileRef = 8B25BD061A9A821C008A82B1 /* Main.storyboard */; };
		8B25BD0A1A9A821C008A82B1 /* Images.xcassets in Resources */ = {isa = PBXBuildFile; fileRef = 8B25BD091A9A821C008A82B1 /* Images.xcassets */; };
		8B25BD0D1A9A821C008A82B1 /* LaunchScreen.xib in Resources */ = {isa = PBXBuildFile; fileRef = 8B25BD0B1A9A821C008A82B1 /* LaunchScreen.xib */; };
		8B25BD191A9A821C008A82B1 /* TestPassTableViewTests.swift in Sources */ = {isa = PBXBuildFile; fileRef = 8B25BD181A9A821C008A82B1 /* TestPassTableViewTests.swift */; };
		8B25BD231A9A8434008A82B1 /* RouteTableViewController.swift in Sources */ = {isa = PBXBuildFile; fileRef = 8B25BD221A9A8434008A82B1 /* RouteTableViewController.swift */; };
		8B25BD251A9A848B008A82B1 /* ListTableViewController.swift in Sources */ = {isa = PBXBuildFile; fileRef = 8B25BD241A9A848B008A82B1 /* ListTableViewController.swift */; };
		8B25BD271A9A84B2008A82B1 /* DetailViewController.swift in Sources */ = {isa = PBXBuildFile; fileRef = 8B25BD261A9A84B2008A82B1 /* DetailViewController.swift */; };
		8B25BD291A9A855A008A82B1 /* FirstViewController.swift in Sources */ = {isa = PBXBuildFile; fileRef = 8B25BD281A9A855A008A82B1 /* FirstViewController.swift */; };
		8B8723B01A9AAD8400C0CF0A /* FilterTableViewController.swift in Sources */ = {isa = PBXBuildFile; fileRef = 8B8723AF1A9AAD8400C0CF0A /* FilterTableViewController.swift */; };
/* End PBXBuildFile section */

/* Begin PBXContainerItemProxy section */
		8B25BD131A9A821C008A82B1 /* PBXContainerItemProxy */ = {
			isa = PBXContainerItemProxy;
			containerPortal = 8B25BCF51A9A821C008A82B1 /* Project object */;
			proxyType = 1;
			remoteGlobalIDString = 8B25BCFC1A9A821C008A82B1;
			remoteInfo = TestPassTableView;
		};
/* End PBXContainerItemProxy section */

/* Begin PBXFileReference section */
		8B25BCFD1A9A821C008A82B1 /* TestPassTableView.app */ = {isa = PBXFileReference; explicitFileType = wrapper.application; includeInIndex = 0; path = TestPassTableView.app; sourceTree = BUILT_PRODUCTS_DIR; };
		8B25BD011A9A821C008A82B1 /* Info.plist */ = {isa = PBXFileReference; lastKnownFileType = text.plist.xml; path = Info.plist; sourceTree = "<group>"; };
		8B25BD021A9A821C008A82B1 /* AppDelegate.swift */ = {isa = PBXFileReference; lastKnownFileType = sourcecode.swift; path = AppDelegate.swift; sourceTree = "<group>"; };
		8B25BD071A9A821C008A82B1 /* Base */ = {isa = PBXFileReference; lastKnownFileType = file.storyboard; name = Base; path = Base.lproj/Main.storyboard; sourceTree = "<group>"; };
		8B25BD091A9A821C008A82B1 /* Images.xcassets */ = {isa = PBXFileReference; lastKnownFileType = folder.assetcatalog; path = Images.xcassets; sourceTree = "<group>"; };
		8B25BD0C1A9A821C008A82B1 /* Base */ = {isa = PBXFileReference; lastKnownFileType = file.xib; name = Base; path = Base.lproj/LaunchScreen.xib; sourceTree = "<group>"; };
		8B25BD121A9A821C008A82B1 /* TestPassTableViewTests.xctest */ = {isa = PBXFileReference; explicitFileType = wrapper.cfbundle; includeInIndex = 0; path = TestPassTableViewTests.xctest; sourceTree = BUILT_PRODUCTS_DIR; };
		8B25BD171A9A821C008A82B1 /* Info.plist */ = {isa = PBXFileReference; lastKnownFileType = text.plist.xml; path = Info.plist; sourceTree = "<group>"; };
		8B25BD181A9A821C008A82B1 /* TestPassTableViewTests.swift */ = {isa = PBXFileReference; lastKnownFileType = sourcecode.swift; path = TestPassTableViewTests.swift; sourceTree = "<group>"; };
		8B25BD221A9A8434008A82B1 /* RouteTableViewController.swift */ = {isa = PBXFileReference; fileEncoding = 4; lastKnownFileType = sourcecode.swift; path = RouteTableViewController.swift; sourceTree = "<group>"; };
		8B25BD241A9A848B008A82B1 /* ListTableViewController.swift */ = {isa = PBXFileReference; fileEncoding = 4; lastKnownFileType = sourcecode.swift; path = ListTableViewController.swift; sourceTree = "<group>"; };
		8B25BD261A9A84B2008A82B1 /* DetailViewController.swift */ = {isa = PBXFileReference; fileEncoding = 4; lastKnownFileType = sourcecode.swift; path = DetailViewController.swift; sourceTree = "<group>"; };
		8B25BD281A9A855A008A82B1 /* FirstViewController.swift */ = {isa = PBXFileReference; fileEncoding = 4; lastKnownFileType = sourcecode.swift; path = FirstViewController.swift; sourceTree = "<group>"; };
		8B8723AF1A9AAD8400C0CF0A /* FilterTableViewController.swift */ = {isa = PBXFileReference; fileEncoding = 4; lastKnownFileType = sourcecode.swift; path = FilterTableViewController.swift; sourceTree = "<group>"; };
/* End PBXFileReference section */

/* Begin PBXFrameworksBuildPhase section */
		8B25BCFA1A9A821C008A82B1 /* Frameworks */ = {
			isa = PBXFrameworksBuildPhase;
			buildActionMask = 2147483647;
			files = (
			);
			runOnlyForDeploymentPostprocessing = 0;
		};
		8B25BD0F1A9A821C008A82B1 /* Frameworks */ = {
			isa = PBXFrameworksBuildPhase;
			buildActionMask = 2147483647;
			files = (
			);
			runOnlyForDeploymentPostprocessing = 0;
		};
/* End PBXFrameworksBuildPhase section */

/* Begin PBXGroup section */
		8B25BCF41A9A821C008A82B1 = {
			isa = PBXGroup;
			children = (
				8B25BCFF1A9A821C008A82B1 /* TestPassTableView */,
				8B25BD151A9A821C008A82B1 /* TestPassTableViewTests */,
				8B25BCFE1A9A821C008A82B1 /* Products */,
			);
			sourceTree = "<group>";
		};
		8B25BCFE1A9A821C008A82B1 /* Products */ = {
			isa = PBXGroup;
			children = (
				8B25BCFD1A9A821C008A82B1 /* TestPassTableView.app */,
				8B25BD121A9A821C008A82B1 /* TestPassTableViewTests.xctest */,
			);
			name = Products;
			sourceTree = "<group>";
		};
		8B25BCFF1A9A821C008A82B1 /* TestPassTableView */ = {
			isa = PBXGroup;
			children = (
				8B25BD021A9A821C008A82B1 /* AppDelegate.swift */,
				8B25BD281A9A855A008A82B1 /* FirstViewController.swift */,
				8B25BD261A9A84B2008A82B1 /* DetailViewController.swift */,
				8B25BD061A9A821C008A82B1 /* Main.storyboard */,
				8B25BD221A9A8434008A82B1 /* RouteTableViewController.swift */,
				8B25BD241A9A848B008A82B1 /* ListTableViewController.swift */,
				8B8723AF1A9AAD8400C0CF0A /* FilterTableViewController.swift */,
				8B25BD091A9A821C008A82B1 /* Images.xcassets */,
				8B25BD0B1A9A821C008A82B1 /* LaunchScreen.xib */,
				8B25BD001A9A821C008A82B1 /* Supporting Files */,
			);
			path = TestPassTableView;
			sourceTree = "<group>";
		};
		8B25BD001A9A821C008A82B1 /* Supporting Files */ = {
			isa = PBXGroup;
			children = (
				8B25BD011A9A821C008A82B1 /* Info.plist */,
			);
			name = "Supporting Files";
			sourceTree = "<group>";
		};
		8B25BD151A9A821C008A82B1 /* TestPassTableViewTests */ = {
			isa = PBXGroup;
			children = (
				8B25BD181A9A821C008A82B1 /* TestPassTableViewTests.swift */,
				8B25BD161A9A821C008A82B1 /* Supporting Files */,
			);
			path = TestPassTableViewTests;
			sourceTree = "<group>";
		};
		8B25BD161A9A821C008A82B1 /* Supporting Files */ = {
			isa = PBXGroup;
			children = (
				8B25BD171A9A821C008A82B1 /* Info.plist */,
			);
			name = "Supporting Files";
			sourceTree = "<group>";
		};
/* End PBXGroup section */

/* Begin PBXNativeTarget section */
		8B25BCFC1A9A821C008A82B1 /* TestPassTableView */ = {
			isa = PBXNativeTarget;
			buildConfigurationList = 8B25BD1C1A9A821C008A82B1 /* Build configuration list for PBXNativeTarget "TestPassTableView" */;
			buildPhases = (
				8B25BCF91A9A821C008A82B1 /* Sources */,
				8B25BCFA1A9A821C008A82B1 /* Frameworks */,
				8B25BCFB1A9A821C008A82B1 /* Resources */,
			);
			buildRules = (
			);
			dependencies = (
			);
			name = TestPassTableView;
			productName = TestPassTableView;
			productReference = 8B25BCFD1A9A821C008A82B1 /* TestPassTableView.app */;
			productType = "com.apple.product-type.application";
		};
		8B25BD111A9A821C008A82B1 /* TestPassTableViewTests */ = {
			isa = PBXNativeTarget;
			buildConfigurationList = 8B25BD1F1A9A821C008A82B1 /* Build configuration list for PBXNativeTarget "TestPassTableViewTests" */;
			buildPhases = (
				8B25BD0E1A9A821C008A82B1 /* Sources */,
				8B25BD0F1A9A821C008A82B1 /* Frameworks */,
				8B25BD101A9A821C008A82B1 /* Resources */,
			);
			buildRules = (
			);
			dependencies = (
				8B25BD141A9A821C008A82B1 /* PBXTargetDependency */,
			);
			name = TestPassTableViewTests;
			productName = TestPassTableViewTests;
			productReference = 8B25BD121A9A821C008A82B1 /* TestPassTableViewTests.xctest */;
			productType = "com.apple.product-type.bundle.unit-test";
		};
/* End PBXNativeTarget section */

/* Begin PBXProject section */
		8B25BCF51A9A821C008A82B1 /* Project object */ = {
			isa = PBXProject;
			attributes = {
				LastUpgradeCheck = 0610;
				ORGANIZATIONNAME = Red_iMac;
				TargetAttributes = {
					8B25BCFC1A9A821C008A82B1 = {
						CreatedOnToolsVersion = 6.1.1;
					};
					8B25BD111A9A821C008A82B1 = {
						CreatedOnToolsVersion = 6.1.1;
						TestTargetID = 8B25BCFC1A9A821C008A82B1;
					};
				};
			};
			buildConfigurationList = 8B25BCF81A9A821C008A82B1 /* Build configuration list for PBXProject "TestPassTableView" */;
			compatibilityVersion = "Xcode 3.2";
			developmentRegion = English;
			hasScannedForEncodings = 0;
			knownRegions = (
				en,
				Base,
			);
			mainGroup = 8B25BCF41A9A821C008A82B1;
			productRefGroup = 8B25BCFE1A9A821C008A82B1 /* Products */;
			projectDirPath = "";
			projectRoot = "";
			targets = (
				8B25BCFC1A9A821C008A82B1 /* TestPassTableView */,
				8B25BD111A9A821C008A82B1 /* TestPassTableViewTests */,
			);
		};
/* End PBXProject section */

/* Begin PBXResourcesBuildPhase section */
		8B25BCFB1A9A821C008A82B1 /* Resources */ = {
			isa = PBXResourcesBuildPhase;
			buildActionMask = 2147483647;
			files = (
				8B25BD081A9A821C008A82B1 /* Main.storyboard in Resources */,
				8B25BD0D1A9A821C008A82B1 /* LaunchScreen.xib in Resources */,
				8B25BD0A1A9A821C008A82B1 /* Images.xcassets in Resources */,
			);
			runOnlyForDeploymentPostprocessing = 0;
		};
		8B25BD101A9A821C008A82B1 /* Resources */ = {
			isa = PBXResourcesBuildPhase;
			buildActionMask = 2147483647;
			files = (
			);
			runOnlyForDeploymentPostprocessing = 0;
		};
/* End PBXResourcesBuildPhase section */

/* Begin PBXSourcesBuildPhase section */
		8B25BCF91A9A821C008A82B1 /* Sources */ = {
			isa = PBXSourcesBuildPhase;
			buildActionMask = 2147483647;
			files = (
				8B25BD291A9A855A008A82B1 /* FirstViewController.swift in Sources */,
				8B8723B01A9AAD8400C0CF0A /* FilterTableViewController.swift in Sources */,
				8B25BD031A9A821C008A82B1 /* AppDelegate.swift in Sources */,
				8B25BD271A9A84B2008A82B1 /* DetailViewController.swift in Sources */,
				8B25BD231A9A8434008A82B1 /* RouteTableViewController.swift in Sources */,
				8B25BD251A9A848B008A82B1 /* ListTableViewController.swift in Sources */,
			);
			runOnlyForDeploymentPostprocessing = 0;
		};
		8B25BD0E1A9A821C008A82B1 /* Sources */ = {
			isa = PBXSourcesBuildPhase;
			buildActionMask = 2147483647;
			files = (
				8B25BD191A9A821C008A82B1 /* TestPassTableViewTests.swift in Sources */,
			);
			runOnlyForDeploymentPostprocessing = 0;
		};
/* End PBXSourcesBuildPhase section */

/* Begin PBXTargetDependency section */
		8B25BD141A9A821C008A82B1 /* PBXTargetDependency */ = {
			isa = PBXTargetDependency;
			target = 8B25BCFC1A9A821C008A82B1 /* TestPassTableView */;
			targetProxy = 8B25BD131A9A821C008A82B1 /* PBXContainerItemProxy */;
		};
/* End PBXTargetDependency section */

/* Begin PBXVariantGroup section */
		8B25BD061A9A821C008A82B1 /* Main.storyboard */ = {
			isa = PBXVariantGroup;
			children = (
				8B25BD071A9A821C008A82B1 /* Base */,
			);
			name = Main.storyboard;
			sourceTree = "<group>";
		};
		8B25BD0B1A9A821C008A82B1 /* LaunchScreen.xib */ = {
			isa = PBXVariantGroup;
			children = (
				8B25BD0C1A9A821C008A82B1 /* Base */,
			);
			name = LaunchScreen.xib;
			sourceTree = "<group>";
		};
/* End PBXVariantGroup section */

/* Begin XCBuildConfiguration section */
		8B25BD1A1A9A821C008A82B1 /* Debug */ = {
			isa = XCBuildConfiguration;
			buildSettings = {
				ALWAYS_SEARCH_USER_PATHS = NO;
				CLANG_CXX_LANGUAGE_STANDARD = "gnu++0x";
				CLANG_CXX_LIBRARY = "libc++";
				CLANG_ENABLE_MODULES = YES;
				CLANG_ENABLE_OBJC_ARC = YES;
				CLANG_WARN_BOOL_CONVERSION = YES;
				CLANG_WARN_CONSTANT_CONVERSION = YES;
				CLANG_WARN_DIRECT_OBJC_ISA_USAGE = YES_ERROR;
				CLANG_WARN_EMPTY_BODY = YES;
				CLANG_WARN_ENUM_CONVERSION = YES;
				CLANG_WARN_INT_CONVERSION = YES;
				CLANG_WARN_OBJC_ROOT_CLASS = YES_ERROR;
				CLANG_WARN_UNREACHABLE_CODE = YES;
				CLANG_WARN__DUPLICATE_METHOD_MATCH = YES;
				"CODE_SIGN_IDENTITY[sdk=iphoneos*]" = "iPhone Developer";
				COPY_PHASE_STRIP = NO;
				ENABLE_STRICT_OBJC_MSGSEND = YES;
				GCC_C_LANGUAGE_STANDARD = gnu99;
				GCC_DYNAMIC_NO_PIC = NO;
				GCC_OPTIMIZATION_LEVEL = 0;
				GCC_PREPROCESSOR_DEFINITIONS = (
					"DEBUG=1",
					"$(inherited)",
				);
				GCC_SYMBOLS_PRIVATE_EXTERN = NO;
				GCC_WARN_64_TO_32_BIT_CONVERSION = YES;
				GCC_WARN_ABOUT_RETURN_TYPE = YES_ERROR;
				GCC_WARN_UNDECLARED_SELECTOR = YES;
				GCC_WARN_UNINITIALIZED_AUTOS = YES_AGGRESSIVE;
				GCC_WARN_UNUSED_FUNCTION = YES;
				GCC_WARN_UNUSED_VARIABLE = YES;
				IPHONEOS_DEPLOYMENT_TARGET = 8.1;
				MTL_ENABLE_DEBUG_INFO = YES;
				ONLY_ACTIVE_ARCH = YES;
				SDKROOT = iphoneos;
				SWIFT_OPTIMIZATION_LEVEL = "-Onone";
			};
			name = Debug;
		};
		8B25BD1B1A9A821C008A82B1 /* Release */ = {
			isa = XCBuildConfiguration;
			buildSettings = {
				ALWAYS_SEARCH_USER_PATHS = NO;
				CLANG_CXX_LANGUAGE_STANDARD = "gnu++0x";
				CLANG_CXX_LIBRARY = "libc++";
				CLANG_ENABLE_MODULES = YES;
				CLANG_ENABLE_OBJC_ARC = YES;
				CLANG_WARN_BOOL_CONVERSION = YES;
				CLANG_WARN_CONSTANT_CONVERSION = YES;
				CLANG_WARN_DIRECT_OBJC_ISA_USAGE = YES_ERROR;
				CLANG_WARN_EMPTY_BODY = YES;
				CLANG_WARN_ENUM_CONVERSION = YES;
				CLANG_WARN_INT_CONVERSION = YES;
				CLANG_WARN_OBJC_ROOT_CLASS = YES_ERROR;
				CLANG_WARN_UNREACHABLE_CODE = YES;
				CLANG_WARN__DUPLICATE_METHOD_MATCH = YES;
				"CODE_SIGN_IDENTITY[sdk=iphoneos*]" = "iPhone Developer";
				COPY_PHASE_STRIP = YES;
				ENABLE_NS_ASSERTIONS = NO;
				ENABLE_STRICT_OBJC_MSGSEND = YES;
				GCC_C_LANGUAGE_STANDARD = gnu99;
				GCC_WARN_64_TO_32_BIT_CONVERSION = YES;
				GCC_WARN_ABOUT_RETURN_TYPE = YES_ERROR;
				GCC_WARN_UNDECLARED_SELECTOR = YES;
				GCC_WARN_UNINITIALIZED_AUTOS = YES_AGGRESSIVE;
				GCC_WARN_UNUSED_FUNCTION = YES;
				GCC_WARN_UNUSED_VARIABLE = YES;
				IPHONEOS_DEPLOYMENT_TARGET = 8.1;
				MTL_ENABLE_DEBUG_INFO = NO;
				SDKROOT = iphoneos;
				VALIDATE_PRODUCT = YES;
			};
			name = Release;
		};
		8B25BD1D1A9A821C008A82B1 /* Debug */ = {
			isa = XCBuildConfiguration;
			buildSettings = {
				ASSETCATALOG_COMPILER_APPICON_NAME = AppIcon;
				INFOPLIST_FILE = TestPassTableView/Info.plist;
				LD_RUNPATH_SEARCH_PATHS = "$(inherited) @executable_path/Frameworks";
				PRODUCT_NAME = "$(TARGET_NAME)";
			};
			name = Debug;
		};
		8B25BD1E1A9A821C008A82B1 /* Release */ = {
			isa = XCBuildConfiguration;
			buildSettings = {
				ASSETCATALOG_COMPILER_APPICON_NAME = AppIcon;
				INFOPLIST_FILE = TestPassTableView/Info.plist;
				LD_RUNPATH_SEARCH_PATHS = "$(inherited) @executable_path/Frameworks";
				PRODUCT_NAME = "$(TARGET_NAME)";
			};
			name = Release;
		};
		8B25BD201A9A821C008A82B1 /* Debug */ = {
			isa = XCBuildConfiguration;
			buildSettings = {
				BUNDLE_LOADER = "$(TEST_HOST)";
				FRAMEWORK_SEARCH_PATHS = (
					"$(SDKROOT)/Developer/Library/Frameworks",
					"$(inherited)",
				);
				GCC_PREPROCESSOR_DEFINITIONS = (
					"DEBUG=1",
					"$(inherited)",
				);
				INFOPLIST_FILE = TestPassTableViewTests/Info.plist;
				LD_RUNPATH_SEARCH_PATHS = "$(inherited) @executable_path/Frameworks @loader_path/Frameworks";
				PRODUCT_NAME = "$(TARGET_NAME)";
				TEST_HOST = "$(BUILT_PRODUCTS_DIR)/TestPassTableView.app/TestPassTableView";
			};
			name = Debug;
		};
		8B25BD211A9A821C008A82B1 /* Release */ = {
			isa = XCBuildConfiguration;
			buildSettings = {
				BUNDLE_LOADER = "$(TEST_HOST)";
				FRAMEWORK_SEARCH_PATHS = (
					"$(SDKROOT)/Developer/Library/Frameworks",
					"$(inherited)",
				);
				INFOPLIST_FILE = TestPassTableViewTests/Info.plist;
				LD_RUNPATH_SEARCH_PATHS = "$(inherited) @executable_path/Frameworks @loader_path/Frameworks";
				PRODUCT_NAME = "$(TARGET_NAME)";
				TEST_HOST = "$(BUILT_PRODUCTS_DIR)/TestPassTableView.app/TestPassTableView";
			};
			name = Release;
		};
/* End XCBuildConfiguration section */

/* Begin XCConfigurationList section */
		8B25BCF81A9A821C008A82B1 /* Build configuration list for PBXProject "TestPassTableView" */ = {
			isa = XCConfigurationList;
			buildConfigurations = (
				8B25BD1A1A9A821C008A82B1 /* Debug */,
				8B25BD1B1A9A821C008A82B1 /* Release */,
			);
			defaultConfigurationIsVisible = 0;
			defaultConfigurationName = Release;
		};
		8B25BD1C1A9A821C008A82B1 /* Build configuration list for PBXNativeTarget "TestPassTableView" */ = {
			isa = XCConfigurationList;
			buildConfigurations = (
				8B25BD1D1A9A821C008A82B1 /* Debug */,
				8B25BD1E1A9A821C008A82B1 /* Release */,
			);
			defaultConfigurationIsVisible = 0;
			defaultConfigurationName = Release;
		};
		8B25BD1F1A9A821C008A82B1 /* Build configuration list for PBXNativeTarget "TestPassTableViewTests" */ = {
			isa = XCConfigurationList;
			buildConfigurations = (
				8B25BD201A9A821C008A82B1 /* Debug */,
				8B25BD211A9A821C008A82B1 /* Release */,
			);
			defaultConfigurationIsVisible = 0;
			defaultConfigurationName = Release;
		};
/* End XCConfigurationList section */
	};
	rootObject = 8B25BCF51A9A821C008A82B1 /* Project object */;
}
